
Microsoft Visual Studio Solution File, Format Version 12.00
# Visual Studio Version 17
VisualStudioVersion = 17.9.34902.65
MinimumVisualStudioVersion = 10.0.40219.1
Project("{8BC9CEB8-8B4A-11D0-8D11-00A0C91BC942}") = "nancyopp", "nancyopp.vcxproj", "{7629EEE7-949C-4AC8-9E87-8BBF807B6522}"
EndProject
Global
	GlobalSection(SolutionConfigurationPlatforms) = preSolution
		Debug|x64 = Debug|x64
		Debug|x86 = Debug|x86
		Release|x64 = Release|x64
		Release|x86 = Release|x86
	EndGlobalSection
	GlobalSection(ProjectConfigurationPlatforms) = postSolution
		{7629EEE7-949C-4AC8-9E87-8BBF807B6522}.Debug|x64.ActiveCfg = Debug|x64
		{7629EEE7-949C-4AC8-9E87-8BBF807B6522}.Debug|x64.Build.0 = Debug|x64
		{7629EEE7-949C-4AC8-9E87-8BBF807B6522}.Debug|x86.ActiveCfg = Debug|Win32
		{7629EEE7-949C-4AC8-9E87-8BBF807B6522}.Debug|x86.Build.0 = Debug|Win32
		{7629EEE7-949C-4AC8-9E87-8BBF807B6522}.Release|x64.ActiveCfg = Release|x64
		{7629EEE7-949C-4AC8-9E87-8BBF807B6522}.Release|x64.Build.0 = Release|x64
		{7629EEE7-949C-4AC8-9E87-8BBF807B6522}.Release|x86.ActiveCfg = Release|Win32
		{7629EEE7-949C-4AC8-9E87-8BBF807B6522}.Release|x86.Build.0 = Release|Win32
	EndGlobalSection
	GlobalSection(SolutionProperties) = preSolution
		HideSolutionNode = FALSE
	EndGlobalSection
	GlobalSection(ExtensibilityGlobals) = postSolution
		SolutionGuid = {69A0F770-D5D2-4F75-87BD-807D9017C10B}
	EndGlobalSection
EndGlobal
